
Microsoft Visual Studio Solution File, Format Version 12.00
# Visual Studio 2013
VisualStudioVersion = 12.0.30501.0
MinimumVisualStudioVersion = 10.0.40219.1
Project("{FAE04EC0-301F-11D3-BF4B-00C04F79EFBC}") = "AbodeWebsite", "HouseShareWebsite\AbodeWebsite.csproj", "{4ABEEC7E-6210-4464-97BD-0CA2E8278521}"
EndProject
Project("{2150E333-8FDC-42A3-9474-1A3956D46DE8}") = "PublishScripts", "PublishScripts", "{1F9DA24B-569F-41A1-8368-31EACCABE769}"
	ProjectSection(SolutionItems) = preProject
		PublishScripts\AzureWebsitePublishModule.psm1 = PublishScripts\AzureWebsitePublishModule.psm1
		PublishScripts\Publish-WebApplicationWebsite.ps1 = PublishScripts\Publish-WebApplicationWebsite.ps1
	EndProjectSection
EndProject
Project("{2150E333-8FDC-42A3-9474-1A3956D46DE8}") = "Configurations", "Configurations", "{142507D4-DAE6-40FC-A488-0A98F4D673F7}"
	ProjectSection(SolutionItems) = preProject
		PublishScripts\Configurations\HouseShareWebsite-WAWS-dev.json = PublishScripts\Configurations\HouseShareWebsite-WAWS-dev.json
	EndProjectSection
EndProject
Project("{2150E333-8FDC-42A3-9474-1A3956D46DE8}") = ".nuget", ".nuget", "{AD782055-F33E-4B0A-8ED5-6BC5B4AA7337}"
	ProjectSection(SolutionItems) = preProject
		.nuget\NuGet.Config = .nuget\NuGet.Config
		.nuget\NuGet.exe = .nuget\NuGet.exe
		.nuget\NuGet.targets = .nuget\NuGet.targets
	EndProjectSection
EndProject
Global
	GlobalSection(SolutionConfigurationPlatforms) = preSolution
		Debug|Any CPU = Debug|Any CPU
		Release|Any CPU = Release|Any CPU
	EndGlobalSection
	GlobalSection(ProjectConfigurationPlatforms) = postSolution
		{4ABEEC7E-6210-4464-97BD-0CA2E8278521}.Debug|Any CPU.ActiveCfg = Debug|Any CPU
		{4ABEEC7E-6210-4464-97BD-0CA2E8278521}.Debug|Any CPU.Build.0 = Debug|Any CPU
		{4ABEEC7E-6210-4464-97BD-0CA2E8278521}.Release|Any CPU.ActiveCfg = Release|Any CPU
		{4ABEEC7E-6210-4464-97BD-0CA2E8278521}.Release|Any CPU.Build.0 = Release|Any CPU
	EndGlobalSection
	GlobalSection(SolutionProperties) = preSolution
		HideSolutionNode = FALSE
	EndGlobalSection
	GlobalSection(NestedProjects) = preSolution
		{142507D4-DAE6-40FC-A488-0A98F4D673F7} = {1F9DA24B-569F-41A1-8368-31EACCABE769}
	EndGlobalSection
EndGlobal
